
Microsoft Visual Studio Solution File, Format Version 12.00
# Visual Studio 15
VisualStudioVersion = 15.0.28307.136
MinimumVisualStudioVersion = 10.0.40219.1
Project("{FAE04EC0-301F-11D3-BF4B-00C04F79EFBC}") = "SimulationRest", "SimulationRest\SimulationRest.csproj", "{89814A74-0FF3-48DF-961E-9217B017DEC8}"
EndProject
Global
	GlobalSection(SolutionConfigurationPlatforms) = preSolution
		Debug|Any CPU = Debug|Any CPU
		Release|Any CPU = Release|Any CPU
	EndGlobalSection
	GlobalSection(ProjectConfigurationPlatforms) = postSolution
		{89814A74-0FF3-48DF-961E-9217B017DEC8}.Debug|Any CPU.ActiveCfg = Debug|Any CPU
		{89814A74-0FF3-48DF-961E-9217B017DEC8}.Debug|Any CPU.Build.0 = Debug|Any CPU
		{89814A74-0FF3-48DF-961E-9217B017DEC8}.Release|Any CPU.ActiveCfg = Release|Any CPU
		{89814A74-0FF3-48DF-961E-9217B017DEC8}.Release|Any CPU.Build.0 = Release|Any CPU
	EndGlobalSection
	GlobalSection(SolutionProperties) = preSolution
		HideSolutionNode = FALSE
	EndGlobalSection
	GlobalSection(ExtensibilityGlobals) = postSolution
		SolutionGuid = {73006568-BAC4-40FF-90C6-95ABF506EC16}
	EndGlobalSection
EndGlobal
